
Microsoft Visual Studio Solution File, Format Version 12.00
# Visual Studio 15
VisualStudioVersion = 15.0.28307.168
MinimumVisualStudioVersion = 10.0.40219.1
Project("{9A19103F-16F7-4668-BE54-9A1E7A4F7556}") = "collections", "collections\collections.csproj", "{02E4FF1E-0585-4E57-A06A-81D4F233E7D9}"
EndProject
Project("{FAE04EC0-301F-11D3-BF4B-00C04F79EFBC}") = "collectionsTesting", "collectionsTesting\collectionsTesting.csproj", "{CD19106C-7DA3-4263-BAB9-17765CE7D0AA}"
EndProject
Global
	GlobalSection(SolutionConfigurationPlatforms) = preSolution
		Debug|Any CPU = Debug|Any CPU
		Release|Any CPU = Release|Any CPU
	EndGlobalSection
	GlobalSection(ProjectConfigurationPlatforms) = postSolution
		{02E4FF1E-0585-4E57-A06A-81D4F233E7D9}.Debug|Any CPU.ActiveCfg = Debug|Any CPU
		{02E4FF1E-0585-4E57-A06A-81D4F233E7D9}.Debug|Any CPU.Build.0 = Debug|Any CPU
		{02E4FF1E-0585-4E57-A06A-81D4F233E7D9}.Release|Any CPU.ActiveCfg = Release|Any CPU
		{02E4FF1E-0585-4E57-A06A-81D4F233E7D9}.Release|Any CPU.Build.0 = Release|Any CPU
		{CD19106C-7DA3-4263-BAB9-17765CE7D0AA}.Debug|Any CPU.ActiveCfg = Debug|Any CPU
		{CD19106C-7DA3-4263-BAB9-17765CE7D0AA}.Debug|Any CPU.Build.0 = Debug|Any CPU
		{CD19106C-7DA3-4263-BAB9-17765CE7D0AA}.Release|Any CPU.ActiveCfg = Release|Any CPU
		{CD19106C-7DA3-4263-BAB9-17765CE7D0AA}.Release|Any CPU.Build.0 = Release|Any CPU
	EndGlobalSection
	GlobalSection(SolutionProperties) = preSolution
		HideSolutionNode = FALSE
	EndGlobalSection
	GlobalSection(ExtensibilityGlobals) = postSolution
		SolutionGuid = {0FFFA384-3EEE-440A-97EB-5249CC084C54}
	EndGlobalSection
EndGlobal
